
Microsoft Visual Studio Solution File, Format Version 12.00
# Visual Studio 15
VisualStudioVersion = 15.0.26430.16
MinimumVisualStudioVersion = 10.0.40219.1
Project("{F5034706-568F-408A-B7B3-4D38C6DB8A32}") = "PSPlus.Core", "PSPlus.Core\PSPlus.Core.pssproj", "{9503B206-6D7C-44C5-9761-E71B0E1DF20D}"
EndProject
Project("{F5034706-568F-408A-B7B3-4D38C6DB8A32}") = "PSPlus", "PSPlus.pssproj", "{6CAFC0C6-A428-4D30-A9F9-700E829FEA51}"
	ProjectSection(ProjectDependencies) = postProject
		{9503B206-6D7C-44C5-9761-E71B0E1DF20D} = {9503B206-6D7C-44C5-9761-E71B0E1DF20D}
		{8D5E5409-975A-4B1F-87B3-9DE6903997B1} = {8D5E5409-975A-4B1F-87B3-9DE6903997B1}
		{E815C351-8A66-4FAA-A99B-A2C989BD9A39} = {E815C351-8A66-4FAA-A99B-A2C989BD9A39}
	EndProjectSection
EndProject
Project("{FAE04EC0-301F-11D3-BF4B-00C04F79EFBC}") = "PSPlus.Win32", "PSPlus.Win32\PSPlus.Win32.csproj", "{8D5E5409-975A-4B1F-87B3-9DE6903997B1}"
EndProject
Project("{FAE04EC0-301F-11D3-BF4B-00C04F79EFBC}") = "PSPlus.Diagnostics", "PSPlus.Diagnostics\PSPlus.Diagnostics.csproj", "{E815C351-8A66-4FAA-A99B-A2C989BD9A39}"
EndProject
Global
	GlobalSection(SolutionConfigurationPlatforms) = preSolution
		Debug|Any CPU = Debug|Any CPU
		Release|Any CPU = Release|Any CPU
	EndGlobalSection
	GlobalSection(ProjectConfigurationPlatforms) = postSolution
		{9503B206-6D7C-44C5-9761-E71B0E1DF20D}.Debug|Any CPU.ActiveCfg = Debug|Any CPU
		{9503B206-6D7C-44C5-9761-E71B0E1DF20D}.Debug|Any CPU.Build.0 = Debug|Any CPU
		{9503B206-6D7C-44C5-9761-E71B0E1DF20D}.Release|Any CPU.ActiveCfg = Release|Any CPU
		{9503B206-6D7C-44C5-9761-E71B0E1DF20D}.Release|Any CPU.Build.0 = Release|Any CPU
		{6CAFC0C6-A428-4D30-A9F9-700E829FEA51}.Debug|Any CPU.ActiveCfg = Debug|Any CPU
		{6CAFC0C6-A428-4D30-A9F9-700E829FEA51}.Debug|Any CPU.Build.0 = Debug|Any CPU
		{6CAFC0C6-A428-4D30-A9F9-700E829FEA51}.Release|Any CPU.ActiveCfg = Release|Any CPU
		{6CAFC0C6-A428-4D30-A9F9-700E829FEA51}.Release|Any CPU.Build.0 = Release|Any CPU
		{8D5E5409-975A-4B1F-87B3-9DE6903997B1}.Debug|Any CPU.ActiveCfg = Debug|Any CPU
		{8D5E5409-975A-4B1F-87B3-9DE6903997B1}.Debug|Any CPU.Build.0 = Debug|Any CPU
		{8D5E5409-975A-4B1F-87B3-9DE6903997B1}.Release|Any CPU.ActiveCfg = Release|Any CPU
		{8D5E5409-975A-4B1F-87B3-9DE6903997B1}.Release|Any CPU.Build.0 = Release|Any CPU
		{E815C351-8A66-4FAA-A99B-A2C989BD9A39}.Debug|Any CPU.ActiveCfg = Debug|Any CPU
		{E815C351-8A66-4FAA-A99B-A2C989BD9A39}.Debug|Any CPU.Build.0 = Debug|Any CPU
		{E815C351-8A66-4FAA-A99B-A2C989BD9A39}.Release|Any CPU.ActiveCfg = Release|Any CPU
		{E815C351-8A66-4FAA-A99B-A2C989BD9A39}.Release|Any CPU.Build.0 = Release|Any CPU
	EndGlobalSection
	GlobalSection(SolutionProperties) = preSolution
		HideSolutionNode = FALSE
	EndGlobalSection
EndGlobal
