
Microsoft Visual Studio Solution File, Format Version 12.00
# Visual Studio 15
VisualStudioVersion = 15.0.26430.16
MinimumVisualStudioVersion = 10.0.40219.1
Project("{F5034706-568F-408A-B7B3-4D38C6DB8A32}") = "PSPlus", "PSPlus.pssproj", "{6CAFC0C6-A428-4D30-A9F9-700E829FEA51}"
	ProjectSection(ProjectDependencies) = postProject
		{9503B206-6D7C-44C5-9761-E71B0E1DF20D} = {9503B206-6D7C-44C5-9761-E71B0E1DF20D}
		{8D5E5409-975A-4B1F-87B3-9DE6903997B1} = {8D5E5409-975A-4B1F-87B3-9DE6903997B1}
		{77EC0C34-6977-42F8-B5EF-26C34D9B08A4} = {77EC0C34-6977-42F8-B5EF-26C34D9B08A4}
	EndProjectSection
EndProject
Project("{FAE04EC0-301F-11D3-BF4B-00C04F79EFBC}") = "PSPlus.Diagnostics", "PSPlus.Diagnostics\PSPlus.Diagnostics.csproj", "{E815C351-8A66-4FAA-A99B-A2C989BD9A39}"
EndProject
Project("{FAE04EC0-301F-11D3-BF4B-00C04F79EFBC}") = "PSPlus.Core", "PSPlus.Core\PSPlus.Core.csproj", "{E1F4CE8E-78CD-4C26-9ADB-4F43299AB7EB}"
EndProject
Project("{2150E333-8FDC-42A3-9474-1A3956D46DE8}") = "PSPlus.Modules", "PSPlus.Modules", "{9645F942-489A-45D3-9300-40FA868ADF57}"
EndProject
Project("{F5034706-568F-408A-B7B3-4D38C6DB8A32}") = "PSPlus.Tests", "PSPlus.Tests\PSPlus.Tests.pssproj", "{400F6615-4BA4-4902-AF86-EA9D77A73A23}"
	ProjectSection(ProjectDependencies) = postProject
		{E24E32C6-DC92-4B10-9B5F-4112D1BAFF8F} = {E24E32C6-DC92-4B10-9B5F-4112D1BAFF8F}
	EndProjectSection
EndProject
Project("{F5034706-568F-408A-B7B3-4D38C6DB8A32}") = "PSPlus.Modules.Runtime", "PSPlus.Modules\PSPlus.Modules.Runtime\PSPlus.Modules.Runtime.pssproj", "{9503B206-6D7C-44C5-9761-E71B0E1DF20D}"
	ProjectSection(ProjectDependencies) = postProject
		{E1F4CE8E-78CD-4C26-9ADB-4F43299AB7EB} = {E1F4CE8E-78CD-4C26-9ADB-4F43299AB7EB}
	EndProjectSection
EndProject
Project("{FAE04EC0-301F-11D3-BF4B-00C04F79EFBC}") = "PSPlus.Modules.Win32", "PSPlus.Modules\PSPlus.Modules.Win32\PSPlus.Modules.Win32.csproj", "{8D5E5409-975A-4B1F-87B3-9DE6903997B1}"
EndProject
Project("{FAE04EC0-301F-11D3-BF4B-00C04F79EFBC}") = "PSPlus.Modules.Diagnostics", "PSPlus.Modules\PSPlus.Modules.Diagnostics\PSPlus.Modules.Diagnostics.csproj", "{77EC0C34-6977-42F8-B5EF-26C34D9B08A4}"
EndProject
Project("{FAE04EC0-301F-11D3-BF4B-00C04F79EFBC}") = "PSPlus.AfterBuild", "PSPlus.AfterBuild\PSPlus.AfterBuild.csproj", "{E24E32C6-DC92-4B10-9B5F-4112D1BAFF8F}"
	ProjectSection(ProjectDependencies) = postProject
		{6CAFC0C6-A428-4D30-A9F9-700E829FEA51} = {6CAFC0C6-A428-4D30-A9F9-700E829FEA51}
	EndProjectSection
EndProject
Global
	GlobalSection(SolutionConfigurationPlatforms) = preSolution
		Debug|Any CPU = Debug|Any CPU
		Release|Any CPU = Release|Any CPU
	EndGlobalSection
	GlobalSection(ProjectConfigurationPlatforms) = postSolution
		{6CAFC0C6-A428-4D30-A9F9-700E829FEA51}.Debug|Any CPU.ActiveCfg = Debug|Any CPU
		{6CAFC0C6-A428-4D30-A9F9-700E829FEA51}.Debug|Any CPU.Build.0 = Debug|Any CPU
		{6CAFC0C6-A428-4D30-A9F9-700E829FEA51}.Release|Any CPU.ActiveCfg = Release|Any CPU
		{6CAFC0C6-A428-4D30-A9F9-700E829FEA51}.Release|Any CPU.Build.0 = Release|Any CPU
		{E815C351-8A66-4FAA-A99B-A2C989BD9A39}.Debug|Any CPU.ActiveCfg = Debug|Any CPU
		{E815C351-8A66-4FAA-A99B-A2C989BD9A39}.Debug|Any CPU.Build.0 = Debug|Any CPU
		{E815C351-8A66-4FAA-A99B-A2C989BD9A39}.Release|Any CPU.ActiveCfg = Release|Any CPU
		{E815C351-8A66-4FAA-A99B-A2C989BD9A39}.Release|Any CPU.Build.0 = Release|Any CPU
		{E1F4CE8E-78CD-4C26-9ADB-4F43299AB7EB}.Debug|Any CPU.ActiveCfg = Debug|Any CPU
		{E1F4CE8E-78CD-4C26-9ADB-4F43299AB7EB}.Debug|Any CPU.Build.0 = Debug|Any CPU
		{E1F4CE8E-78CD-4C26-9ADB-4F43299AB7EB}.Release|Any CPU.ActiveCfg = Release|Any CPU
		{E1F4CE8E-78CD-4C26-9ADB-4F43299AB7EB}.Release|Any CPU.Build.0 = Release|Any CPU
		{400F6615-4BA4-4902-AF86-EA9D77A73A23}.Debug|Any CPU.ActiveCfg = Debug|Any CPU
		{400F6615-4BA4-4902-AF86-EA9D77A73A23}.Debug|Any CPU.Build.0 = Debug|Any CPU
		{400F6615-4BA4-4902-AF86-EA9D77A73A23}.Release|Any CPU.ActiveCfg = Release|Any CPU
		{400F6615-4BA4-4902-AF86-EA9D77A73A23}.Release|Any CPU.Build.0 = Release|Any CPU
		{9503B206-6D7C-44C5-9761-E71B0E1DF20D}.Debug|Any CPU.ActiveCfg = Debug|Any CPU
		{9503B206-6D7C-44C5-9761-E71B0E1DF20D}.Debug|Any CPU.Build.0 = Debug|Any CPU
		{9503B206-6D7C-44C5-9761-E71B0E1DF20D}.Release|Any CPU.ActiveCfg = Release|Any CPU
		{9503B206-6D7C-44C5-9761-E71B0E1DF20D}.Release|Any CPU.Build.0 = Release|Any CPU
		{8D5E5409-975A-4B1F-87B3-9DE6903997B1}.Debug|Any CPU.ActiveCfg = Debug|Any CPU
		{8D5E5409-975A-4B1F-87B3-9DE6903997B1}.Debug|Any CPU.Build.0 = Debug|Any CPU
		{8D5E5409-975A-4B1F-87B3-9DE6903997B1}.Release|Any CPU.ActiveCfg = Release|Any CPU
		{8D5E5409-975A-4B1F-87B3-9DE6903997B1}.Release|Any CPU.Build.0 = Release|Any CPU
		{77EC0C34-6977-42F8-B5EF-26C34D9B08A4}.Debug|Any CPU.ActiveCfg = Debug|Any CPU
		{77EC0C34-6977-42F8-B5EF-26C34D9B08A4}.Debug|Any CPU.Build.0 = Debug|Any CPU
		{77EC0C34-6977-42F8-B5EF-26C34D9B08A4}.Release|Any CPU.ActiveCfg = Release|Any CPU
		{77EC0C34-6977-42F8-B5EF-26C34D9B08A4}.Release|Any CPU.Build.0 = Release|Any CPU
		{E24E32C6-DC92-4B10-9B5F-4112D1BAFF8F}.Debug|Any CPU.ActiveCfg = Debug|Any CPU
		{E24E32C6-DC92-4B10-9B5F-4112D1BAFF8F}.Debug|Any CPU.Build.0 = Debug|Any CPU
		{E24E32C6-DC92-4B10-9B5F-4112D1BAFF8F}.Release|Any CPU.ActiveCfg = Release|Any CPU
		{E24E32C6-DC92-4B10-9B5F-4112D1BAFF8F}.Release|Any CPU.Build.0 = Release|Any CPU
	EndGlobalSection
	GlobalSection(SolutionProperties) = preSolution
		HideSolutionNode = FALSE
	EndGlobalSection
	GlobalSection(NestedProjects) = preSolution
		{9503B206-6D7C-44C5-9761-E71B0E1DF20D} = {9645F942-489A-45D3-9300-40FA868ADF57}
		{8D5E5409-975A-4B1F-87B3-9DE6903997B1} = {9645F942-489A-45D3-9300-40FA868ADF57}
		{77EC0C34-6977-42F8-B5EF-26C34D9B08A4} = {9645F942-489A-45D3-9300-40FA868ADF57}
	EndGlobalSection
EndGlobal
